
Microsoft Visual Studio Solution File, Format Version 12.00
# Visual Studio Version 16
VisualStudioVersion = 16.0.30204.135
MinimumVisualStudioVersion = 10.0.40219.1
Project("{FAE04EC0-301F-11D3-BF4B-00C04F79EFBC}") = "GameInterruptWPFCore", "GameInterruptWPFCore\GameInterruptWPFCore.csproj", "{C1CB9944-894D-4CFA-994C-B7F34A7E3BDB}"
EndProject
Global
	GlobalSection(SolutionConfigurationPlatforms) = preSolution
		Debug|Any CPU = Debug|Any CPU
		Release|Any CPU = Release|Any CPU
	EndGlobalSection
	GlobalSection(ProjectConfigurationPlatforms) = postSolution
		{C1CB9944-894D-4CFA-994C-B7F34A7E3BDB}.Debug|Any CPU.ActiveCfg = Debug|Any CPU
		{C1CB9944-894D-4CFA-994C-B7F34A7E3BDB}.Debug|Any CPU.Build.0 = Debug|Any CPU
		{C1CB9944-894D-4CFA-994C-B7F34A7E3BDB}.Release|Any CPU.ActiveCfg = Release|Any CPU
		{C1CB9944-894D-4CFA-994C-B7F34A7E3BDB}.Release|Any CPU.Build.0 = Release|Any CPU
	EndGlobalSection
	GlobalSection(SolutionProperties) = preSolution
		HideSolutionNode = FALSE
	EndGlobalSection
	GlobalSection(ExtensibilityGlobals) = postSolution
		SolutionGuid = {DE678B88-3CA7-45D9-965E-8FECB8E2D754}
	EndGlobalSection
EndGlobal
